
Microsoft Visual Studio Solution File, Format Version 12.00
# Visual Studio Version 17
VisualStudioVersion = 17.0.31903.59
MinimumVisualStudioVersion = 10.0.40219.1
Project("{2150E333-8FDC-42A3-9474-1A3956D46DE8}") = "backend", "backend", "{A5A7A2E0-D207-4010-AFBE-1CB9C2F22C86}"
EndProject
Project("{FAE04EC0-301F-11D3-BF4B-00C04F79EFBC}") = "BackendApi", "backend\api\BackendApi.csproj", "{EE79605F-D31A-4F54-9335-3F01CEDAD5F1}"
EndProject
Project("{FAE04EC0-301F-11D3-BF4B-00C04F79EFBC}") = "BackendBl", "backend\bl\BackendBl.csproj", "{4B199620-6544-47BB-B589-7513AFF4D0A5}"
EndProject
Project("{FAE04EC0-301F-11D3-BF4B-00C04F79EFBC}") = "BackendDAL", "backend\dal\BackendDAL.csproj", "{DC1A590B-FAD0-4301-B5BF-6C915E0A667A}"
EndProject
Project("{FAE04EC0-301F-11D3-BF4B-00C04F79EFBC}") = "BackendCommon", "backend\common\BackendCommon.csproj", "{6FFF6993-89BB-4561-8C3F-399A1AB21E42}"
EndProject
Project("{2150E333-8FDC-42A3-9474-1A3956D46DE8}") = "auth", "auth", "{C33D69DA-EE89-463E-9A64-A1E5E8F1FCC3}"
EndProject
Project("{FAE04EC0-301F-11D3-BF4B-00C04F79EFBC}") = "AuthApi", "auth\api\AuthApi.csproj", "{5BC46A50-8992-43D2-93CC-C49FB368F5F8}"
EndProject
Project("{FAE04EC0-301F-11D3-BF4B-00C04F79EFBC}") = "AuthDAL", "auth\dal\AuthDAL.csproj", "{752148C5-8415-48D0-8BE0-51741A011D5E}"
EndProject
Project("{FAE04EC0-301F-11D3-BF4B-00C04F79EFBC}") = "AuthCommon", "auth\common\AuthCommon.csproj", "{829941B1-A633-4614-AA64-17D0ACC56299}"
EndProject
Project("{FAE04EC0-301F-11D3-BF4B-00C04F79EFBC}") = "AuthBL", "auth\bl\AuthBL.csproj", "{9BA4D6E8-2558-4FA9-91BD-769A578B3EAD}"
EndProject
Project("{FAE04EC0-301F-11D3-BF4B-00C04F79EFBC}") = "ProjCommon", "common\ProjCommon.csproj", "{90FA9305-BB54-4FF8-81C8-4F487FEC9DAF}"
EndProject
Project("{2150E333-8FDC-42A3-9474-1A3956D46DE8}") = "admin-panel", "admin-panel", "{198DA874-47F5-4356-8728-15B94C4A925A}"
EndProject
Project("{FAE04EC0-301F-11D3-BF4B-00C04F79EFBC}") = "AdminPanel", "admin-panel\mvc\AdminPanel.csproj", "{2ECC5315-F0E9-4ACC-ACD2-13967C2019CD}"
EndProject
Project("{FAE04EC0-301F-11D3-BF4B-00C04F79EFBC}") = "AdminBL", "admin-panel\bl\AdminBL.csproj", "{A8D9D75B-9DB8-455E-888B-0C2058BD4699}"
EndProject
Project("{FAE04EC0-301F-11D3-BF4B-00C04F79EFBC}") = "AdminCommon", "admin-panel\common\AdminCommon.csproj", "{90677406-B0C4-4367-A0FB-D1492AEDB58C}"
EndProject
Project("{FAE04EC0-301F-11D3-BF4B-00C04F79EFBC}") = "NotificationApi", "notifications\NotificationApi.csproj", "{7A0717E1-A0C8-47E5-893B-64FEB7C416F0}"
EndProject
Global
	GlobalSection(SolutionConfigurationPlatforms) = preSolution
		Debug|Any CPU = Debug|Any CPU
		Release|Any CPU = Release|Any CPU
	EndGlobalSection
	GlobalSection(SolutionProperties) = preSolution
		HideSolutionNode = FALSE
	EndGlobalSection
	GlobalSection(ProjectConfigurationPlatforms) = postSolution
		{EE79605F-D31A-4F54-9335-3F01CEDAD5F1}.Debug|Any CPU.ActiveCfg = Debug|Any CPU
		{EE79605F-D31A-4F54-9335-3F01CEDAD5F1}.Debug|Any CPU.Build.0 = Debug|Any CPU
		{EE79605F-D31A-4F54-9335-3F01CEDAD5F1}.Release|Any CPU.ActiveCfg = Release|Any CPU
		{EE79605F-D31A-4F54-9335-3F01CEDAD5F1}.Release|Any CPU.Build.0 = Release|Any CPU
		{4B199620-6544-47BB-B589-7513AFF4D0A5}.Debug|Any CPU.ActiveCfg = Debug|Any CPU
		{4B199620-6544-47BB-B589-7513AFF4D0A5}.Debug|Any CPU.Build.0 = Debug|Any CPU
		{4B199620-6544-47BB-B589-7513AFF4D0A5}.Release|Any CPU.ActiveCfg = Release|Any CPU
		{4B199620-6544-47BB-B589-7513AFF4D0A5}.Release|Any CPU.Build.0 = Release|Any CPU
		{DC1A590B-FAD0-4301-B5BF-6C915E0A667A}.Debug|Any CPU.ActiveCfg = Debug|Any CPU
		{DC1A590B-FAD0-4301-B5BF-6C915E0A667A}.Debug|Any CPU.Build.0 = Debug|Any CPU
		{DC1A590B-FAD0-4301-B5BF-6C915E0A667A}.Release|Any CPU.ActiveCfg = Release|Any CPU
		{DC1A590B-FAD0-4301-B5BF-6C915E0A667A}.Release|Any CPU.Build.0 = Release|Any CPU
		{6FFF6993-89BB-4561-8C3F-399A1AB21E42}.Debug|Any CPU.ActiveCfg = Debug|Any CPU
		{6FFF6993-89BB-4561-8C3F-399A1AB21E42}.Debug|Any CPU.Build.0 = Debug|Any CPU
		{6FFF6993-89BB-4561-8C3F-399A1AB21E42}.Release|Any CPU.ActiveCfg = Release|Any CPU
		{6FFF6993-89BB-4561-8C3F-399A1AB21E42}.Release|Any CPU.Build.0 = Release|Any CPU
		{5BC46A50-8992-43D2-93CC-C49FB368F5F8}.Debug|Any CPU.ActiveCfg = Debug|Any CPU
		{5BC46A50-8992-43D2-93CC-C49FB368F5F8}.Debug|Any CPU.Build.0 = Debug|Any CPU
		{5BC46A50-8992-43D2-93CC-C49FB368F5F8}.Release|Any CPU.ActiveCfg = Release|Any CPU
		{5BC46A50-8992-43D2-93CC-C49FB368F5F8}.Release|Any CPU.Build.0 = Release|Any CPU
		{752148C5-8415-48D0-8BE0-51741A011D5E}.Debug|Any CPU.ActiveCfg = Debug|Any CPU
		{752148C5-8415-48D0-8BE0-51741A011D5E}.Debug|Any CPU.Build.0 = Debug|Any CPU
		{752148C5-8415-48D0-8BE0-51741A011D5E}.Release|Any CPU.ActiveCfg = Release|Any CPU
		{752148C5-8415-48D0-8BE0-51741A011D5E}.Release|Any CPU.Build.0 = Release|Any CPU
		{829941B1-A633-4614-AA64-17D0ACC56299}.Debug|Any CPU.ActiveCfg = Debug|Any CPU
		{829941B1-A633-4614-AA64-17D0ACC56299}.Debug|Any CPU.Build.0 = Debug|Any CPU
		{829941B1-A633-4614-AA64-17D0ACC56299}.Release|Any CPU.ActiveCfg = Release|Any CPU
		{829941B1-A633-4614-AA64-17D0ACC56299}.Release|Any CPU.Build.0 = Release|Any CPU
		{9BA4D6E8-2558-4FA9-91BD-769A578B3EAD}.Debug|Any CPU.ActiveCfg = Debug|Any CPU
		{9BA4D6E8-2558-4FA9-91BD-769A578B3EAD}.Debug|Any CPU.Build.0 = Debug|Any CPU
		{9BA4D6E8-2558-4FA9-91BD-769A578B3EAD}.Release|Any CPU.ActiveCfg = Release|Any CPU
		{9BA4D6E8-2558-4FA9-91BD-769A578B3EAD}.Release|Any CPU.Build.0 = Release|Any CPU
		{90FA9305-BB54-4FF8-81C8-4F487FEC9DAF}.Debug|Any CPU.ActiveCfg = Debug|Any CPU
		{90FA9305-BB54-4FF8-81C8-4F487FEC9DAF}.Debug|Any CPU.Build.0 = Debug|Any CPU
		{90FA9305-BB54-4FF8-81C8-4F487FEC9DAF}.Release|Any CPU.ActiveCfg = Release|Any CPU
		{90FA9305-BB54-4FF8-81C8-4F487FEC9DAF}.Release|Any CPU.Build.0 = Release|Any CPU
		{2ECC5315-F0E9-4ACC-ACD2-13967C2019CD}.Debug|Any CPU.ActiveCfg = Debug|Any CPU
		{2ECC5315-F0E9-4ACC-ACD2-13967C2019CD}.Debug|Any CPU.Build.0 = Debug|Any CPU
		{2ECC5315-F0E9-4ACC-ACD2-13967C2019CD}.Release|Any CPU.ActiveCfg = Release|Any CPU
		{2ECC5315-F0E9-4ACC-ACD2-13967C2019CD}.Release|Any CPU.Build.0 = Release|Any CPU
		{A8D9D75B-9DB8-455E-888B-0C2058BD4699}.Debug|Any CPU.ActiveCfg = Debug|Any CPU
		{A8D9D75B-9DB8-455E-888B-0C2058BD4699}.Debug|Any CPU.Build.0 = Debug|Any CPU
		{A8D9D75B-9DB8-455E-888B-0C2058BD4699}.Release|Any CPU.ActiveCfg = Release|Any CPU
		{A8D9D75B-9DB8-455E-888B-0C2058BD4699}.Release|Any CPU.Build.0 = Release|Any CPU
		{90677406-B0C4-4367-A0FB-D1492AEDB58C}.Debug|Any CPU.ActiveCfg = Debug|Any CPU
		{90677406-B0C4-4367-A0FB-D1492AEDB58C}.Debug|Any CPU.Build.0 = Debug|Any CPU
		{90677406-B0C4-4367-A0FB-D1492AEDB58C}.Release|Any CPU.ActiveCfg = Release|Any CPU
		{90677406-B0C4-4367-A0FB-D1492AEDB58C}.Release|Any CPU.Build.0 = Release|Any CPU
		{7A0717E1-A0C8-47E5-893B-64FEB7C416F0}.Debug|Any CPU.ActiveCfg = Debug|Any CPU
		{7A0717E1-A0C8-47E5-893B-64FEB7C416F0}.Debug|Any CPU.Build.0 = Debug|Any CPU
		{7A0717E1-A0C8-47E5-893B-64FEB7C416F0}.Release|Any CPU.ActiveCfg = Release|Any CPU
		{7A0717E1-A0C8-47E5-893B-64FEB7C416F0}.Release|Any CPU.Build.0 = Release|Any CPU
	EndGlobalSection
	GlobalSection(NestedProjects) = preSolution
		{EE79605F-D31A-4F54-9335-3F01CEDAD5F1} = {A5A7A2E0-D207-4010-AFBE-1CB9C2F22C86}
		{4B199620-6544-47BB-B589-7513AFF4D0A5} = {A5A7A2E0-D207-4010-AFBE-1CB9C2F22C86}
		{DC1A590B-FAD0-4301-B5BF-6C915E0A667A} = {A5A7A2E0-D207-4010-AFBE-1CB9C2F22C86}
		{6FFF6993-89BB-4561-8C3F-399A1AB21E42} = {A5A7A2E0-D207-4010-AFBE-1CB9C2F22C86}
		{5BC46A50-8992-43D2-93CC-C49FB368F5F8} = {C33D69DA-EE89-463E-9A64-A1E5E8F1FCC3}
		{752148C5-8415-48D0-8BE0-51741A011D5E} = {C33D69DA-EE89-463E-9A64-A1E5E8F1FCC3}
		{829941B1-A633-4614-AA64-17D0ACC56299} = {C33D69DA-EE89-463E-9A64-A1E5E8F1FCC3}
		{9BA4D6E8-2558-4FA9-91BD-769A578B3EAD} = {C33D69DA-EE89-463E-9A64-A1E5E8F1FCC3}
		{2ECC5315-F0E9-4ACC-ACD2-13967C2019CD} = {198DA874-47F5-4356-8728-15B94C4A925A}
		{A8D9D75B-9DB8-455E-888B-0C2058BD4699} = {198DA874-47F5-4356-8728-15B94C4A925A}
		{90677406-B0C4-4367-A0FB-D1492AEDB58C} = {198DA874-47F5-4356-8728-15B94C4A925A}
	EndGlobalSection
EndGlobal
